
Microsoft Visual Studio Solution File, Format Version 12.00
# Visual Studio Version 17
VisualStudioVersion = 17.1.32210.238
MinimumVisualStudioVersion = 10.0.40219.1
Project("{8BC9CEB8-8B4A-11D0-8D11-00A0C91BC942}") = "write_int11_version2", "write_int11_version2.vcxproj", "{36979196-B02E-4715-A1EE-E3E89C5328FA}"
EndProject
Global
	GlobalSection(SolutionConfigurationPlatforms) = preSolution
		Debug|x64 = Debug|x64
		Debug|x86 = Debug|x86
		Release|x64 = Release|x64
		Release|x86 = Release|x86
	EndGlobalSection
	GlobalSection(ProjectConfigurationPlatforms) = postSolution
		{36979196-B02E-4715-A1EE-E3E89C5328FA}.Debug|x64.ActiveCfg = Debug|x64
		{36979196-B02E-4715-A1EE-E3E89C5328FA}.Debug|x64.Build.0 = Debug|x64
		{36979196-B02E-4715-A1EE-E3E89C5328FA}.Debug|x86.ActiveCfg = Debug|Win32
		{36979196-B02E-4715-A1EE-E3E89C5328FA}.Debug|x86.Build.0 = Debug|Win32
		{36979196-B02E-4715-A1EE-E3E89C5328FA}.Release|x64.ActiveCfg = Release|x64
		{36979196-B02E-4715-A1EE-E3E89C5328FA}.Release|x64.Build.0 = Release|x64
		{36979196-B02E-4715-A1EE-E3E89C5328FA}.Release|x86.ActiveCfg = Release|Win32
		{36979196-B02E-4715-A1EE-E3E89C5328FA}.Release|x86.Build.0 = Release|Win32
	EndGlobalSection
	GlobalSection(SolutionProperties) = preSolution
		HideSolutionNode = FALSE
	EndGlobalSection
	GlobalSection(ExtensibilityGlobals) = postSolution
		SolutionGuid = {27F5239A-CEA8-4A11-8FAC-4DF5A6693708}
	EndGlobalSection
EndGlobal
