
Microsoft Visual Studio Solution File, Format Version 12.00
# Visual Studio Version 17
VisualStudioVersion = 17.1.32210.238
MinimumVisualStudioVersion = 10.0.40219.1
Project("{8BC9CEB8-8B4A-11D0-8D11-00A0C91BC942}") = "20220324_assignment_2", "20220324_assignment_2.vcxproj", "{B54A9484-F150-44F0-905C-459D53B78734}"
EndProject
Global
	GlobalSection(SolutionConfigurationPlatforms) = preSolution
		Debug|x64 = Debug|x64
		Debug|x86 = Debug|x86
		Release|x64 = Release|x64
		Release|x86 = Release|x86
	EndGlobalSection
	GlobalSection(ProjectConfigurationPlatforms) = postSolution
		{B54A9484-F150-44F0-905C-459D53B78734}.Debug|x64.ActiveCfg = Debug|x64
		{B54A9484-F150-44F0-905C-459D53B78734}.Debug|x64.Build.0 = Debug|x64
		{B54A9484-F150-44F0-905C-459D53B78734}.Debug|x86.ActiveCfg = Debug|Win32
		{B54A9484-F150-44F0-905C-459D53B78734}.Debug|x86.Build.0 = Debug|Win32
		{B54A9484-F150-44F0-905C-459D53B78734}.Release|x64.ActiveCfg = Release|x64
		{B54A9484-F150-44F0-905C-459D53B78734}.Release|x64.Build.0 = Release|x64
		{B54A9484-F150-44F0-905C-459D53B78734}.Release|x86.ActiveCfg = Release|Win32
		{B54A9484-F150-44F0-905C-459D53B78734}.Release|x86.Build.0 = Release|Win32
	EndGlobalSection
	GlobalSection(SolutionProperties) = preSolution
		HideSolutionNode = FALSE
	EndGlobalSection
	GlobalSection(ExtensibilityGlobals) = postSolution
		SolutionGuid = {48D715B6-6D70-4170-9384-D993EBC6DFFE}
	EndGlobalSection
EndGlobal
